
Microsoft Visual Studio Solution File, Format Version 12.00
# Visual Studio Version 16
VisualStudioVersion = 16.0.29709.97
MinimumVisualStudioVersion = 10.0.40219.1
Project("{FAE04EC0-301F-11D3-BF4B-00C04F79EFBC}") = "Nota_Maxima", "Nota_Maxima.csproj", "{78D15058-FB48-489D-B922-6B83D6C56923}"
EndProject
Global
	GlobalSection(SolutionConfigurationPlatforms) = preSolution
		Debug|Any CPU = Debug|Any CPU
		Release|Any CPU = Release|Any CPU
	EndGlobalSection
	GlobalSection(ProjectConfigurationPlatforms) = postSolution
		{78D15058-FB48-489D-B922-6B83D6C56923}.Debug|Any CPU.ActiveCfg = Debug|Any CPU
		{78D15058-FB48-489D-B922-6B83D6C56923}.Debug|Any CPU.Build.0 = Debug|Any CPU
		{78D15058-FB48-489D-B922-6B83D6C56923}.Release|Any CPU.ActiveCfg = Release|Any CPU
		{78D15058-FB48-489D-B922-6B83D6C56923}.Release|Any CPU.Build.0 = Release|Any CPU
	EndGlobalSection
	GlobalSection(SolutionProperties) = preSolution
		HideSolutionNode = FALSE
	EndGlobalSection
	GlobalSection(ExtensibilityGlobals) = postSolution
		SolutionGuid = {2E8F7630-F867-49BB-809F-B16F339A5217}
	EndGlobalSection
EndGlobal
